// !$*UTF8*$!
{
	archiveVersion = 1;
	classes = {
	};
	objectVersion = 51;
	objects = {

/* Begin PBXBuildFile section */
		E516016B25ED8DC1001F177A /* myBible.xcdatamodeld in Sources */ = {isa = PBXBuildFile; fileRef = E516016925ED8DC1001F177A /* myBible.xcdatamodeld */; };
		E516016E25ED8F54001F177A /* PedidosDeOracao+CoreDataProperties.swift in Sources */ = {isa = PBXBuildFile; fileRef = E516016D25ED8F54001F177A /* PedidosDeOracao+CoreDataProperties.swift */; };
		E516017125ED8F57001F177A /* PedidosDeOracao+CoreDataClass.swift in Sources */ = {isa = PBXBuildFile; fileRef = E516017025ED8F57001F177A /* PedidosDeOracao+CoreDataClass.swift */; };
		E550E98925E960DB00A5360B /* Books.swift in Sources */ = {isa = PBXBuildFile; fileRef = E550E98825E960DB00A5360B /* Books.swift */; };
		E550E98D25E9615500A5360B /* Book.swift in Sources */ = {isa = PBXBuildFile; fileRef = E550E98C25E9615500A5360B /* Book.swift */; };
		E550E99025E961A500A5360B /* Chapter.swift in Sources */ = {isa = PBXBuildFile; fileRef = E550E98F25E961A500A5360B /* Chapter.swift */; };
		E550E99325E9628800A5360B /* Verse.swift in Sources */ = {isa = PBXBuildFile; fileRef = E550E99225E9628800A5360B /* Verse.swift */; };
		E550E99625E963B600A5360B /* Versions.swift in Sources */ = {isa = PBXBuildFile; fileRef = E550E99525E963B600A5360B /* Versions.swift */; };
		E550E99C25E966A900A5360B /* API.swift in Sources */ = {isa = PBXBuildFile; fileRef = E550E99B25E966A900A5360B /* API.swift */; };
		E550E9A425E9A54500A5360B /* CapituloVC.swift in Sources */ = {isa = PBXBuildFile; fileRef = E550E9A325E9A54500A5360B /* CapituloVC.swift */; };
		E550E9A825E9A86100A5360B /* VersiculoVC.swift in Sources */ = {isa = PBXBuildFile; fileRef = E550E9A725E9A86100A5360B /* VersiculoVC.swift */; };
		E550E9AC25E9A92500A5360B /* LivrosCell.swift in Sources */ = {isa = PBXBuildFile; fileRef = E550E9AA25E9A92500A5360B /* LivrosCell.swift */; };
		E550E9AD25E9A92500A5360B /* LivrosCell.xib in Resources */ = {isa = PBXBuildFile; fileRef = E550E9AB25E9A92500A5360B /* LivrosCell.xib */; };
		E553815A25ED6F2300A2A98C /* CapituloCell.swift in Sources */ = {isa = PBXBuildFile; fileRef = E553815825ED6F2300A2A98C /* CapituloCell.swift */; };
		E553815B25ED6F2300A2A98C /* CapituloCell.xib in Resources */ = {isa = PBXBuildFile; fileRef = E553815925ED6F2300A2A98C /* CapituloCell.xib */; };
		E553816225ED830400A2A98C /* OracaoCell.swift in Sources */ = {isa = PBXBuildFile; fileRef = E553816025ED830400A2A98C /* OracaoCell.swift */; };
		E553816325ED830400A2A98C /* OracaoCell.xib in Resources */ = {isa = PBXBuildFile; fileRef = E553816125ED830400A2A98C /* OracaoCell.xib */; };
		E5538E4C25EAFCCB00100849 /* VersiculoCell.swift in Sources */ = {isa = PBXBuildFile; fileRef = E5538E4A25EAFCCB00100849 /* VersiculoCell.swift */; };
		E5538E4D25EAFCCB00100849 /* VersiculoCell.xib in Resources */ = {isa = PBXBuildFile; fileRef = E5538E4B25EAFCCB00100849 /* VersiculoCell.xib */; };
		E56E65BB25E8379600C6FDBD /* AppDelegate.swift in Sources */ = {isa = PBXBuildFile; fileRef = E56E65BA25E8379600C6FDBD /* AppDelegate.swift */; };
		E56E65BD25E8379600C6FDBD /* SceneDelegate.swift in Sources */ = {isa = PBXBuildFile; fileRef = E56E65BC25E8379600C6FDBD /* SceneDelegate.swift */; };
		E56E65BF25E8379600C6FDBD /* ViewController.swift in Sources */ = {isa = PBXBuildFile; fileRef = E56E65BE25E8379600C6FDBD /* ViewController.swift */; };
		E56E65C225E8379600C6FDBD /* Main.storyboard in Resources */ = {isa = PBXBuildFile; fileRef = E56E65C025E8379600C6FDBD /* Main.storyboard */; };
		E56E65C425E8379900C6FDBD /* Assets.xcassets in Resources */ = {isa = PBXBuildFile; fileRef = E56E65C325E8379900C6FDBD /* Assets.xcassets */; };
		E56E65C725E8379900C6FDBD /* LaunchScreen.storyboard in Resources */ = {isa = PBXBuildFile; fileRef = E56E65C525E8379900C6FDBD /* LaunchScreen.storyboard */; };
		E56E65D325E84CB300C6FDBD /* LivrosVC.swift in Sources */ = {isa = PBXBuildFile; fileRef = E56E65D225E84CB300C6FDBD /* LivrosVC.swift */; };
		E56E65D725E84CC300C6FDBD /* DevocionalVC.swift in Sources */ = {isa = PBXBuildFile; fileRef = E56E65D625E84CC300C6FDBD /* DevocionalVC.swift */; };
		E56E65DA25E84CD200C6FDBD /* OracaoVC.swift in Sources */ = {isa = PBXBuildFile; fileRef = E56E65D925E84CD200C6FDBD /* OracaoVC.swift */; };
		F02FD6332EC0CB8474CA47B4 /* Pods_myBible.framework in Frameworks */ = {isa = PBXBuildFile; fileRef = 68D0140267997DBE46C6F801 /* Pods_myBible.framework */; };
/* End PBXBuildFile section */

/* Begin PBXFileReference section */
		258FB1F700133ED3819408F0 /* Pods-myBible.release.xcconfig */ = {isa = PBXFileReference; includeInIndex = 1; lastKnownFileType = text.xcconfig; name = "Pods-myBible.release.xcconfig"; path = "Target Support Files/Pods-myBible/Pods-myBible.release.xcconfig"; sourceTree = "<group>"; };
		68D0140267997DBE46C6F801 /* Pods_myBible.framework */ = {isa = PBXFileReference; explicitFileType = wrapper.framework; includeInIndex = 0; path = Pods_myBible.framework; sourceTree = BUILT_PRODUCTS_DIR; };
		9300334C865A9AA027252A53 /* Pods-myBible.debug.xcconfig */ = {isa = PBXFileReference; includeInIndex = 1; lastKnownFileType = text.xcconfig; name = "Pods-myBible.debug.xcconfig"; path = "Target Support Files/Pods-myBible/Pods-myBible.debug.xcconfig"; sourceTree = "<group>"; };
		E516016A25ED8DC1001F177A /* myBible.xcdatamodel */ = {isa = PBXFileReference; lastKnownFileType = wrapper.xcdatamodel; path = myBible.xcdatamodel; sourceTree = "<group>"; };
		E516016D25ED8F54001F177A /* PedidosDeOracao+CoreDataProperties.swift */ = {isa = PBXFileReference; lastKnownFileType = sourcecode.swift; name = "PedidosDeOracao+CoreDataProperties.swift"; path = "/Users/Fabio/Documents/Karen/02.Projetos/myBible/myBible/myBible/Oracao/PedidosDeOracao+CoreDataProperties.swift"; sourceTree = "<absolute>"; };
		E516017025ED8F57001F177A /* PedidosDeOracao+CoreDataClass.swift */ = {isa = PBXFileReference; lastKnownFileType = sourcecode.swift; name = "PedidosDeOracao+CoreDataClass.swift"; path = "/Users/Fabio/Documents/Karen/02.Projetos/myBible/myBible/myBible/Oracao/PedidosDeOracao+CoreDataClass.swift"; sourceTree = "<absolute>"; };
		E550E98825E960DB00A5360B /* Books.swift */ = {isa = PBXFileReference; lastKnownFileType = sourcecode.swift; path = Books.swift; sourceTree = "<group>"; };
		E550E98C25E9615500A5360B /* Book.swift */ = {isa = PBXFileReference; lastKnownFileType = sourcecode.swift; path = Book.swift; sourceTree = "<group>"; };
		E550E98F25E961A500A5360B /* Chapter.swift */ = {isa = PBXFileReference; lastKnownFileType = sourcecode.swift; path = Chapter.swift; sourceTree = "<group>"; };
		E550E99225E9628800A5360B /* Verse.swift */ = {isa = PBXFileReference; lastKnownFileType = sourcecode.swift; path = Verse.swift; sourceTree = "<group>"; };
		E550E99525E963B600A5360B /* Versions.swift */ = {isa = PBXFileReference; lastKnownFileType = sourcecode.swift; path = Versions.swift; sourceTree = "<group>"; };
		E550E99B25E966A900A5360B /* API.swift */ = {isa = PBXFileReference; lastKnownFileType = sourcecode.swift; path = API.swift; sourceTree = "<group>"; };
		E550E9A325E9A54500A5360B /* CapituloVC.swift */ = {isa = PBXFileReference; lastKnownFileType = sourcecode.swift; path = CapituloVC.swift; sourceTree = "<group>"; };
		E550E9A725E9A86100A5360B /* VersiculoVC.swift */ = {isa = PBXFileReference; lastKnownFileType = sourcecode.swift; path = VersiculoVC.swift; sourceTree = "<group>"; };
		E550E9AA25E9A92500A5360B /* LivrosCell.swift */ = {isa = PBXFileReference; lastKnownFileType = sourcecode.swift; path = LivrosCell.swift; sourceTree = "<group>"; };
		E550E9AB25E9A92500A5360B /* LivrosCell.xib */ = {isa = PBXFileReference; lastKnownFileType = file.xib; path = LivrosCell.xib; sourceTree = "<group>"; };
		E553815825ED6F2300A2A98C /* CapituloCell.swift */ = {isa = PBXFileReference; lastKnownFileType = sourcecode.swift; path = CapituloCell.swift; sourceTree = "<group>"; };
		E553815925ED6F2300A2A98C /* CapituloCell.xib */ = {isa = PBXFileReference; lastKnownFileType = file.xib; path = CapituloCell.xib; sourceTree = "<group>"; };
		E553816025ED830400A2A98C /* OracaoCell.swift */ = {isa = PBXFileReference; lastKnownFileType = sourcecode.swift; path = OracaoCell.swift; sourceTree = "<group>"; };
		E553816125ED830400A2A98C /* OracaoCell.xib */ = {isa = PBXFileReference; lastKnownFileType = file.xib; path = OracaoCell.xib; sourceTree = "<group>"; };
		E5538E4A25EAFCCB00100849 /* VersiculoCell.swift */ = {isa = PBXFileReference; lastKnownFileType = sourcecode.swift; path = VersiculoCell.swift; sourceTree = "<group>"; };
		E5538E4B25EAFCCB00100849 /* VersiculoCell.xib */ = {isa = PBXFileReference; lastKnownFileType = file.xib; path = VersiculoCell.xib; sourceTree = "<group>"; };
		E56E65B725E8379600C6FDBD /* myBible.app */ = {isa = PBXFileReference; explicitFileType = wrapper.application; includeInIndex = 0; path = myBible.app; sourceTree = BUILT_PRODUCTS_DIR; };
		E56E65BA25E8379600C6FDBD /* AppDelegate.swift */ = {isa = PBXFileReference; lastKnownFileType = sourcecode.swift; path = AppDelegate.swift; sourceTree = "<group>"; };
		E56E65BC25E8379600C6FDBD /* SceneDelegate.swift */ = {isa = PBXFileReference; lastKnownFileType = sourcecode.swift; path = SceneDelegate.swift; sourceTree = "<group>"; };
		E56E65BE25E8379600C6FDBD /* ViewController.swift */ = {isa = PBXFileReference; lastKnownFileType = sourcecode.swift; path = ViewController.swift; sourceTree = "<group>"; };
		E56E65C125E8379600C6FDBD /* Base */ = {isa = PBXFileReference; lastKnownFileType = file.storyboard; name = Base; path = Base.lproj/Main.storyboard; sourceTree = "<group>"; };
		E56E65C325E8379900C6FDBD /* Assets.xcassets */ = {isa = PBXFileReference; lastKnownFileType = folder.assetcatalog; path = Assets.xcassets; sourceTree = "<group>"; };
		E56E65C625E8379900C6FDBD /* Base */ = {isa = PBXFileReference; lastKnownFileType = file.storyboard; name = Base; path = Base.lproj/LaunchScreen.storyboard; sourceTree = "<group>"; };
		E56E65C825E8379900C6FDBD /* Info.plist */ = {isa = PBXFileReference; lastKnownFileType = text.plist.xml; path = Info.plist; sourceTree = "<group>"; };
		E56E65D225E84CB300C6FDBD /* LivrosVC.swift */ = {isa = PBXFileReference; lastKnownFileType = sourcecode.swift; path = LivrosVC.swift; sourceTree = "<group>"; };
		E56E65D625E84CC300C6FDBD /* DevocionalVC.swift */ = {isa = PBXFileReference; lastKnownFileType = sourcecode.swift; path = DevocionalVC.swift; sourceTree = "<group>"; };
		E56E65D925E84CD200C6FDBD /* OracaoVC.swift */ = {isa = PBXFileReference; lastKnownFileType = sourcecode.swift; path = OracaoVC.swift; sourceTree = "<group>"; };
/* End PBXFileReference section */

/* Begin PBXFrameworksBuildPhase section */
		E56E65B425E8379600C6FDBD /* Frameworks */ = {
			isa = PBXFrameworksBuildPhase;
			buildActionMask = 2147483647;
			files = (
				F02FD6332EC0CB8474CA47B4 /* Pods_myBible.framework in Frameworks */,
			);
			runOnlyForDeploymentPostprocessing = 0;
		};
/* End PBXFrameworksBuildPhase section */

/* Begin PBXGroup section */
		142A13E3C174E1C02764FC0E /* Pods */ = {
			isa = PBXGroup;
			children = (
				9300334C865A9AA027252A53 /* Pods-myBible.debug.xcconfig */,
				258FB1F700133ED3819408F0 /* Pods-myBible.release.xcconfig */,
			);
			path = Pods;
			sourceTree = "<group>";
		};
		C00018A50DC3F3F02E30D4A5 /* Frameworks */ = {
			isa = PBXGroup;
			children = (
				68D0140267997DBE46C6F801 /* Pods_myBible.framework */,
			);
			name = Frameworks;
			sourceTree = "<group>";
		};
		E550E98725E960D000A5360B /* Model */ = {
			isa = PBXGroup;
			children = (
				E550E98825E960DB00A5360B /* Books.swift */,
				E550E98C25E9615500A5360B /* Book.swift */,
				E550E98F25E961A500A5360B /* Chapter.swift */,
				E550E99225E9628800A5360B /* Verse.swift */,
				E550E99525E963B600A5360B /* Versions.swift */,
			);
			path = Model;
			sourceTree = "<group>";
		};
		E550E99A25E9668F00A5360B /* Network */ = {
			isa = PBXGroup;
			children = (
				E550E99B25E966A900A5360B /* API.swift */,
			);
			path = Network;
			sourceTree = "<group>";
		};
		E550E9AF25E9A93400A5360B /* View */ = {
			isa = PBXGroup;
			children = (
				E550E9AA25E9A92500A5360B /* LivrosCell.swift */,
				E550E9AB25E9A92500A5360B /* LivrosCell.xib */,
				E553815825ED6F2300A2A98C /* CapituloCell.swift */,
				E553815925ED6F2300A2A98C /* CapituloCell.xib */,
				E5538E4A25EAFCCB00100849 /* VersiculoCell.swift */,
				E5538E4B25EAFCCB00100849 /* VersiculoCell.xib */,
			);
			path = View;
			sourceTree = "<group>";
		};
		E56E65AE25E8379600C6FDBD = {
			isa = PBXGroup;
			children = (
				E56E65B925E8379600C6FDBD /* myBible */,
				E56E65B825E8379600C6FDBD /* Products */,
				142A13E3C174E1C02764FC0E /* Pods */,
				C00018A50DC3F3F02E30D4A5 /* Frameworks */,
			);
			sourceTree = "<group>";
		};
		E56E65B825E8379600C6FDBD /* Products */ = {
			isa = PBXGroup;
			children = (
				E56E65B725E8379600C6FDBD /* myBible.app */,
			);
			name = Products;
			sourceTree = "<group>";
		};
		E56E65B925E8379600C6FDBD /* myBible */ = {
			isa = PBXGroup;
			children = (
				E56E65C025E8379600C6FDBD /* Main.storyboard */,
				E550E99A25E9668F00A5360B /* Network */,
				E550E98725E960D000A5360B /* Model */,
				E56E65CF25E84C7B00C6FDBD /* Biblia */,
				E56E65D025E84C8300C6FDBD /* Devocional */,
				E56E65D125E84C8900C6FDBD /* Oracao */,
				E56E65BA25E8379600C6FDBD /* AppDelegate.swift */,
				E56E65BC25E8379600C6FDBD /* SceneDelegate.swift */,
				E56E65BE25E8379600C6FDBD /* ViewController.swift */,
				E56E65C325E8379900C6FDBD /* Assets.xcassets */,
				E56E65C525E8379900C6FDBD /* LaunchScreen.storyboard */,
				E56E65C825E8379900C6FDBD /* Info.plist */,
			);
			path = myBible;
			sourceTree = "<group>";
		};
		E56E65CF25E84C7B00C6FDBD /* Biblia */ = {
			isa = PBXGroup;
			children = (
				E550E9AF25E9A93400A5360B /* View */,
				E56E65D225E84CB300C6FDBD /* LivrosVC.swift */,
				E550E9A325E9A54500A5360B /* CapituloVC.swift */,
				E550E9A725E9A86100A5360B /* VersiculoVC.swift */,
			);
			path = Biblia;
			sourceTree = "<group>";
		};
		E56E65D025E84C8300C6FDBD /* Devocional */ = {
			isa = PBXGroup;
			children = (
				E56E65D625E84CC300C6FDBD /* DevocionalVC.swift */,
			);
			path = Devocional;
			sourceTree = "<group>";
		};
		E56E65D125E84C8900C6FDBD /* Oracao */ = {
			isa = PBXGroup;
			children = (
				E56E65D925E84CD200C6FDBD /* OracaoVC.swift */,
				E553816025ED830400A2A98C /* OracaoCell.swift */,
				E553816125ED830400A2A98C /* OracaoCell.xib */,
				E516016925ED8DC1001F177A /* myBible.xcdatamodeld */,
				E516016D25ED8F54001F177A /* PedidosDeOracao+CoreDataProperties.swift */,
				E516017025ED8F57001F177A /* PedidosDeOracao+CoreDataClass.swift */,
			);
			path = Oracao;
			sourceTree = "<group>";
		};
/* End PBXGroup section */

/* Begin PBXNativeTarget section */
		E56E65B625E8379600C6FDBD /* myBible */ = {
			isa = PBXNativeTarget;
			buildConfigurationList = E56E65CB25E8379900C6FDBD /* Build configuration list for PBXNativeTarget "myBible" */;
			buildPhases = (
				5032E28E5DF4F09F96D28435 /* [CP] Check Pods Manifest.lock */,
				E56E65B325E8379600C6FDBD /* Sources */,
				E56E65B425E8379600C6FDBD /* Frameworks */,
				E56E65B525E8379600C6FDBD /* Resources */,
				A0D3E5E92D23DD956F56497B /* [CP] Embed Pods Frameworks */,
			);
			buildRules = (
			);
			dependencies = (
			);
			name = myBible;
			productName = myBible;
			productReference = E56E65B725E8379600C6FDBD /* myBible.app */;
			productType = "com.apple.product-type.application";
		};
/* End PBXNativeTarget section */

/* Begin PBXProject section */
		E56E65AF25E8379600C6FDBD /* Project object */ = {
			isa = PBXProject;
			attributes = {
				LastSwiftUpdateCheck = 1240;
				LastUpgradeCheck = 1240;
				TargetAttributes = {
					E56E65B625E8379600C6FDBD = {
						CreatedOnToolsVersion = 12.4;
					};
				};
			};
			buildConfigurationList = E56E65B225E8379600C6FDBD /* Build configuration list for PBXProject "myBible" */;
			compatibilityVersion = "Xcode 9.3";
			developmentRegion = en;
			hasScannedForEncodings = 0;
			knownRegions = (
				en,
				Base,
			);
			mainGroup = E56E65AE25E8379600C6FDBD;
			productRefGroup = E56E65B825E8379600C6FDBD /* Products */;
			projectDirPath = "";
			projectRoot = "";
			targets = (
				E56E65B625E8379600C6FDBD /* myBible */,
			);
		};
/* End PBXProject section */

/* Begin PBXResourcesBuildPhase section */
		E56E65B525E8379600C6FDBD /* Resources */ = {
			isa = PBXResourcesBuildPhase;
			buildActionMask = 2147483647;
			files = (
				E5538E4D25EAFCCB00100849 /* VersiculoCell.xib in Resources */,
				E56E65C725E8379900C6FDBD /* LaunchScreen.storyboard in Resources */,
				E56E65C425E8379900C6FDBD /* Assets.xcassets in Resources */,
				E550E9AD25E9A92500A5360B /* LivrosCell.xib in Resources */,
				E553815B25ED6F2300A2A98C /* CapituloCell.xib in Resources */,
				E56E65C225E8379600C6FDBD /* Main.storyboard in Resources */,
				E553816325ED830400A2A98C /* OracaoCell.xib in Resources */,
			);
			runOnlyForDeploymentPostprocessing = 0;
		};
/* End PBXResourcesBuildPhase section */

/* Begin PBXShellScriptBuildPhase section */
		5032E28E5DF4F09F96D28435 /* [CP] Check Pods Manifest.lock */ = {
			isa = PBXShellScriptBuildPhase;
			buildActionMask = 2147483647;
			files = (
			);
			inputFileListPaths = (
			);
			inputPaths = (
				"${PODS_PODFILE_DIR_PATH}/Podfile.lock",
				"${PODS_ROOT}/Manifest.lock",
			);
			name = "[CP] Check Pods Manifest.lock";
			outputFileListPaths = (
			);
			outputPaths = (
				"$(DERIVED_FILE_DIR)/Pods-myBible-checkManifestLockResult.txt",
			);
			runOnlyForDeploymentPostprocessing = 0;
			shellPath = /bin/sh;
			shellScript = "diff \"${PODS_PODFILE_DIR_PATH}/Podfile.lock\" \"${PODS_ROOT}/Manifest.lock\" > /dev/null\nif [ $? != 0 ] ; then\n    # print error to STDERR\n    echo \"error: The sandbox is not in sync with the Podfile.lock. Run 'pod install' or update your CocoaPods installation.\" >&2\n    exit 1\nfi\n# This output is used by Xcode 'outputs' to avoid re-running this script phase.\necho \"SUCCESS\" > \"${SCRIPT_OUTPUT_FILE_0}\"\n";
			showEnvVarsInLog = 0;
		};
		A0D3E5E92D23DD956F56497B /* [CP] Embed Pods Frameworks */ = {
			isa = PBXShellScriptBuildPhase;
			buildActionMask = 2147483647;
			files = (
			);
			inputFileListPaths = (
				"${PODS_ROOT}/Target Support Files/Pods-myBible/Pods-myBible-frameworks-${CONFIGURATION}-input-files.xcfilelist",
			);
			name = "[CP] Embed Pods Frameworks";
			outputFileListPaths = (
				"${PODS_ROOT}/Target Support Files/Pods-myBible/Pods-myBible-frameworks-${CONFIGURATION}-output-files.xcfilelist",
			);
			runOnlyForDeploymentPostprocessing = 0;
			shellPath = /bin/sh;
			shellScript = "\"${PODS_ROOT}/Target Support Files/Pods-myBible/Pods-myBible-frameworks.sh\"\n";
			showEnvVarsInLog = 0;
		};
/* End PBXShellScriptBuildPhase section */

/* Begin PBXSourcesBuildPhase section */
		E56E65B325E8379600C6FDBD /* Sources */ = {
			isa = PBXSourcesBuildPhase;
			buildActionMask = 2147483647;
			files = (
				E550E98D25E9615500A5360B /* Book.swift in Sources */,
				E56E65D725E84CC300C6FDBD /* DevocionalVC.swift in Sources */,
				E553816225ED830400A2A98C /* OracaoCell.swift in Sources */,
				E56E65DA25E84CD200C6FDBD /* OracaoVC.swift in Sources */,
				E550E99625E963B600A5360B /* Versions.swift in Sources */,
				E550E9A425E9A54500A5360B /* CapituloVC.swift in Sources */,
				E5538E4C25EAFCCB00100849 /* VersiculoCell.swift in Sources */,
				E516016B25ED8DC1001F177A /* myBible.xcdatamodeld in Sources */,
				E550E99025E961A500A5360B /* Chapter.swift in Sources */,
				E56E65BF25E8379600C6FDBD /* ViewController.swift in Sources */,
				E550E98925E960DB00A5360B /* Books.swift in Sources */,
				E56E65D325E84CB300C6FDBD /* LivrosVC.swift in Sources */,
				E516016E25ED8F54001F177A /* PedidosDeOracao+CoreDataProperties.swift in Sources */,
				E550E9A825E9A86100A5360B /* VersiculoVC.swift in Sources */,
				E550E9AC25E9A92500A5360B /* LivrosCell.swift in Sources */,
				E56E65BB25E8379600C6FDBD /* AppDelegate.swift in Sources */,
				E516017125ED8F57001F177A /* PedidosDeOracao+CoreDataClass.swift in Sources */,
				E56E65BD25E8379600C6FDBD /* SceneDelegate.swift in Sources */,
				E550E99C25E966A900A5360B /* API.swift in Sources */,
				E553815A25ED6F2300A2A98C /* CapituloCell.swift in Sources */,
				E550E99325E9628800A5360B /* Verse.swift in Sources */,
			);
			runOnlyForDeploymentPostprocessing = 0;
		};
/* End PBXSourcesBuildPhase section */

/* Begin PBXVariantGroup section */
		E56E65C025E8379600C6FDBD /* Main.storyboard */ = {
			isa = PBXVariantGroup;
			children = (
				E56E65C125E8379600C6FDBD /* Base */,
			);
			name = Main.storyboard;
			sourceTree = "<group>";
		};
		E56E65C525E8379900C6FDBD /* LaunchScreen.storyboard */ = {
			isa = PBXVariantGroup;
			children = (
				E56E65C625E8379900C6FDBD /* Base */,
			);
			name = LaunchScreen.storyboard;
			sourceTree = "<group>";
		};
/* End PBXVariantGroup section */

/* Begin XCBuildConfiguration section */
		E56E65C925E8379900C6FDBD /* Debug */ = {
			isa = XCBuildConfiguration;
			buildSettings = {
				ALWAYS_SEARCH_USER_PATHS = NO;
				CLANG_ANALYZER_NONNULL = YES;
				CLANG_ANALYZER_NUMBER_OBJECT_CONVERSION = YES_AGGRESSIVE;
				CLANG_CXX_LANGUAGE_STANDARD = "gnu++14";
				CLANG_CXX_LIBRARY = "libc++";
				CLANG_ENABLE_MODULES = YES;
				CLANG_ENABLE_OBJC_ARC = YES;
				CLANG_ENABLE_OBJC_WEAK = YES;
				CLANG_WARN_BLOCK_CAPTURE_AUTORELEASING = YES;
				CLANG_WARN_BOOL_CONVERSION = YES;
				CLANG_WARN_COMMA = YES;
				CLANG_WARN_CONSTANT_CONVERSION = YES;
				CLANG_WARN_DEPRECATED_OBJC_IMPLEMENTATIONS = YES;
				CLANG_WARN_DIRECT_OBJC_ISA_USAGE = YES_ERROR;
				CLANG_WARN_DOCUMENTATION_COMMENTS = YES;
				CLANG_WARN_EMPTY_BODY = YES;
				CLANG_WARN_ENUM_CONVERSION = YES;
				CLANG_WARN_INFINITE_RECURSION = YES;
				CLANG_WARN_INT_CONVERSION = YES;
				CLANG_WARN_NON_LITERAL_NULL_CONVERSION = YES;
				CLANG_WARN_OBJC_IMPLICIT_RETAIN_SELF = YES;
				CLANG_WARN_OBJC_LITERAL_CONVERSION = YES;
				CLANG_WARN_OBJC_ROOT_CLASS = YES_ERROR;
				CLANG_WARN_QUOTED_INCLUDE_IN_FRAMEWORK_HEADER = YES;
				CLANG_WARN_RANGE_LOOP_ANALYSIS = YES;
				CLANG_WARN_STRICT_PROTOTYPES = YES;
				CLANG_WARN_SUSPICIOUS_MOVE = YES;
				CLANG_WARN_UNGUARDED_AVAILABILITY = YES_AGGRESSIVE;
				CLANG_WARN_UNREACHABLE_CODE = YES;
				CLANG_WARN__DUPLICATE_METHOD_MATCH = YES;
				COPY_PHASE_STRIP = NO;
				DEBUG_INFORMATION_FORMAT = dwarf;
				ENABLE_STRICT_OBJC_MSGSEND = YES;
				ENABLE_TESTABILITY = YES;
				GCC_C_LANGUAGE_STANDARD = gnu11;
				GCC_DYNAMIC_NO_PIC = NO;
				GCC_NO_COMMON_BLOCKS = YES;
				GCC_OPTIMIZATION_LEVEL = 0;
				GCC_PREPROCESSOR_DEFINITIONS = (
					"DEBUG=1",
					"$(inherited)",
				);
				GCC_WARN_64_TO_32_BIT_CONVERSION = YES;
				GCC_WARN_ABOUT_RETURN_TYPE = YES_ERROR;
				GCC_WARN_UNDECLARED_SELECTOR = YES;
				GCC_WARN_UNINITIALIZED_AUTOS = YES_AGGRESSIVE;
				GCC_WARN_UNUSED_FUNCTION = YES;
				GCC_WARN_UNUSED_VARIABLE = YES;
				IPHONEOS_DEPLOYMENT_TARGET = 14.4;
				MTL_ENABLE_DEBUG_INFO = INCLUDE_SOURCE;
				MTL_FAST_MATH = YES;
				ONLY_ACTIVE_ARCH = YES;
				SDKROOT = iphoneos;
				SWIFT_ACTIVE_COMPILATION_CONDITIONS = DEBUG;
				SWIFT_OPTIMIZATION_LEVEL = "-Onone";
			};
			name = Debug;
		};
		E56E65CA25E8379900C6FDBD /* Release */ = {
			isa = XCBuildConfiguration;
			buildSettings = {
				ALWAYS_SEARCH_USER_PATHS = NO;
				CLANG_ANALYZER_NONNULL = YES;
				CLANG_ANALYZER_NUMBER_OBJECT_CONVERSION = YES_AGGRESSIVE;
				CLANG_CXX_LANGUAGE_STANDARD = "gnu++14";
				CLANG_CXX_LIBRARY = "libc++";
				CLANG_ENABLE_MODULES = YES;
				CLANG_ENABLE_OBJC_ARC = YES;
				CLANG_ENABLE_OBJC_WEAK = YES;
				CLANG_WARN_BLOCK_CAPTURE_AUTORELEASING = YES;
				CLANG_WARN_BOOL_CONVERSION = YES;
				CLANG_WARN_COMMA = YES;
				CLANG_WARN_CONSTANT_CONVERSION = YES;
				CLANG_WARN_DEPRECATED_OBJC_IMPLEMENTATIONS = YES;
				CLANG_WARN_DIRECT_OBJC_ISA_USAGE = YES_ERROR;
				CLANG_WARN_DOCUMENTATION_COMMENTS = YES;
				CLANG_WARN_EMPTY_BODY = YES;
				CLANG_WARN_ENUM_CONVERSION = YES;
				CLANG_WARN_INFINITE_RECURSION = YES;
				CLANG_WARN_INT_CONVERSION = YES;
				CLANG_WARN_NON_LITERAL_NULL_CONVERSION = YES;
				CLANG_WARN_OBJC_IMPLICIT_RETAIN_SELF = YES;
				CLANG_WARN_OBJC_LITERAL_CONVERSION = YES;
				CLANG_WARN_OBJC_ROOT_CLASS = YES_ERROR;
				CLANG_WARN_QUOTED_INCLUDE_IN_FRAMEWORK_HEADER = YES;
				CLANG_WARN_RANGE_LOOP_ANALYSIS = YES;
				CLANG_WARN_STRICT_PROTOTYPES = YES;
				CLANG_WARN_SUSPICIOUS_MOVE = YES;
				CLANG_WARN_UNGUARDED_AVAILABILITY = YES_AGGRESSIVE;
				CLANG_WARN_UNREACHABLE_CODE = YES;
				CLANG_WARN__DUPLICATE_METHOD_MATCH = YES;
				COPY_PHASE_STRIP = NO;
				DEBUG_INFORMATION_FORMAT = "dwarf-with-dsym";
				ENABLE_NS_ASSERTIONS = NO;
				ENABLE_STRICT_OBJC_MSGSEND = YES;
				GCC_C_LANGUAGE_STANDARD = gnu11;
				GCC_NO_COMMON_BLOCKS = YES;
				GCC_WARN_64_TO_32_BIT_CONVERSION = YES;
				GCC_WARN_ABOUT_RETURN_TYPE = YES_ERROR;
				GCC_WARN_UNDECLARED_SELECTOR = YES;
				GCC_WARN_UNINITIALIZED_AUTOS = YES_AGGRESSIVE;
				GCC_WARN_UNUSED_FUNCTION = YES;
				GCC_WARN_UNUSED_VARIABLE = YES;
				IPHONEOS_DEPLOYMENT_TARGET = 14.4;
				MTL_ENABLE_DEBUG_INFO = NO;
				MTL_FAST_MATH = YES;
				SDKROOT = iphoneos;
				SWIFT_COMPILATION_MODE = wholemodule;
				SWIFT_OPTIMIZATION_LEVEL = "-O";
				VALIDATE_PRODUCT = YES;
			};
			name = Release;
		};
		E56E65CC25E8379900C6FDBD /* Debug */ = {
			isa = XCBuildConfiguration;
			baseConfigurationReference = 9300334C865A9AA027252A53 /* Pods-myBible.debug.xcconfig */;
			buildSettings = {
				ASSETCATALOG_COMPILER_APPICON_NAME = AppIcon;
				ASSETCATALOG_COMPILER_GLOBAL_ACCENT_COLOR_NAME = AccentColor;
				CODE_SIGN_STYLE = Automatic;
				INFOPLIST_FILE = myBible/Info.plist;
				LD_RUNPATH_SEARCH_PATHS = (
					"$(inherited)",
					"@executable_path/Frameworks",
				);
				PRODUCT_BUNDLE_IDENTIFIER = "Karen-Makihara.myBible";
				PRODUCT_NAME = "$(TARGET_NAME)";
				SWIFT_VERSION = 5.0;
				TARGETED_DEVICE_FAMILY = "1,2";
			};
			name = Debug;
		};
		E56E65CD25E8379900C6FDBD /* Release */ = {
			isa = XCBuildConfiguration;
			baseConfigurationReference = 258FB1F700133ED3819408F0 /* Pods-myBible.release.xcconfig */;
			buildSettings = {
				ASSETCATALOG_COMPILER_APPICON_NAME = AppIcon;
				ASSETCATALOG_COMPILER_GLOBAL_ACCENT_COLOR_NAME = AccentColor;
				CODE_SIGN_STYLE = Automatic;
				INFOPLIST_FILE = myBible/Info.plist;
				LD_RUNPATH_SEARCH_PATHS = (
					"$(inherited)",
					"@executable_path/Frameworks",
				);
				PRODUCT_BUNDLE_IDENTIFIER = "Karen-Makihara.myBible";
				PRODUCT_NAME = "$(TARGET_NAME)";
				SWIFT_VERSION = 5.0;
				TARGETED_DEVICE_FAMILY = "1,2";
			};
			name = Release;
		};
/* End XCBuildConfiguration section */

/* Begin XCConfigurationList section */
		E56E65B225E8379600C6FDBD /* Build configuration list for PBXProject "myBible" */ = {
			isa = XCConfigurationList;
			buildConfigurations = (
				E56E65C925E8379900C6FDBD /* Debug */,
				E56E65CA25E8379900C6FDBD /* Release */,
			);
			defaultConfigurationIsVisible = 0;
			defaultConfigurationName = Release;
		};
		E56E65CB25E8379900C6FDBD /* Build configuration list for PBXNativeTarget "myBible" */ = {
			isa = XCConfigurationList;
			buildConfigurations = (
				E56E65CC25E8379900C6FDBD /* Debug */,
				E56E65CD25E8379900C6FDBD /* Release */,
			);
			defaultConfigurationIsVisible = 0;
			defaultConfigurationName = Release;
		};
/* End XCConfigurationList section */

/* Begin XCVersionGroup section */
		E516016925ED8DC1001F177A /* myBible.xcdatamodeld */ = {
			isa = XCVersionGroup;
			children = (
				E516016A25ED8DC1001F177A /* myBible.xcdatamodel */,
			);
			currentVersion = E516016A25ED8DC1001F177A /* myBible.xcdatamodel */;
			path = myBible.xcdatamodeld;
			sourceTree = "<group>";
			versionGroupType = wrapper.xcdatamodel;
		};
/* End XCVersionGroup section */
	};
	rootObject = E56E65AF25E8379600C6FDBD /* Project object */;
}
